// !$*UTF8*$!
{
	archiveVersion = 1;
	classes = {
	};
	objectVersion = 46;
	objects = {

/* Begin PBXBuildFile section */
		18FF0F641F43E52100068939 /* Assets.xcassets in Resources */ = {isa = PBXBuildFile; fileRef = 18FF0F631F43E52100068939 /* Assets.xcassets */; };
		18FF0F671F43E52100068939 /* LaunchScreen.storyboard in Resources */ = {isa = PBXBuildFile; fileRef = 18FF0F651F43E52100068939 /* LaunchScreen.storyboard */; };
		18FF0F721F43E57000068939 /* AppDelegate.swift in Sources */ = {isa = PBXBuildFile; fileRef = 18FF0F701F43E57000068939 /* AppDelegate.swift */; };
		18FF0F751F44A00100068939 /* HomeViewController.swift in Sources */ = {isa = PBXBuildFile; fileRef = 18FF0F741F44A00100068939 /* HomeViewController.swift */; };
		18FF0F771F44A16400068939 /* OSDrawerController.swift in Sources */ = {isa = PBXBuildFile; fileRef = 18FF0F761F44A16400068939 /* OSDrawerController.swift */; };
/* End PBXBuildFile section */

/* Begin PBXFileReference section */
		18FF0F591F43E52100068939 /* OSDrawerControllerSample.app */ = {isa = PBXFileReference; explicitFileType = wrapper.application; includeInIndex = 0; path = OSDrawerControllerSample.app; sourceTree = BUILT_PRODUCTS_DIR; };
		18FF0F631F43E52100068939 /* Assets.xcassets */ = {isa = PBXFileReference; lastKnownFileType = folder.assetcatalog; name = Assets.xcassets; path = ../Assets.xcassets; sourceTree = "<group>"; };
		18FF0F661F43E52100068939 /* Base */ = {isa = PBXFileReference; lastKnownFileType = file.storyboard; name = Base; path = Base.lproj/LaunchScreen.storyboard; sourceTree = "<group>"; };
		18FF0F681F43E52100068939 /* Info.plist */ = {isa = PBXFileReference; lastKnownFileType = text.plist.xml; name = Info.plist; path = ../Info.plist; sourceTree = "<group>"; };
		18FF0F701F43E57000068939 /* AppDelegate.swift */ = {isa = PBXFileReference; fileEncoding = 4; lastKnownFileType = sourcecode.swift; path = AppDelegate.swift; sourceTree = "<group>"; };
		18FF0F741F44A00100068939 /* HomeViewController.swift */ = {isa = PBXFileReference; fileEncoding = 4; lastKnownFileType = sourcecode.swift; path = HomeViewController.swift; sourceTree = "<group>"; };
		18FF0F761F44A16400068939 /* OSDrawerController.swift */ = {isa = PBXFileReference; fileEncoding = 4; lastKnownFileType = sourcecode.swift; path = OSDrawerController.swift; sourceTree = "<group>"; };
/* End PBXFileReference section */

/* Begin PBXFrameworksBuildPhase section */
		18FF0F561F43E52100068939 /* Frameworks */ = {
			isa = PBXFrameworksBuildPhase;
			buildActionMask = 2147483647;
			files = (
			);
			runOnlyForDeploymentPostprocessing = 0;
		};
/* End PBXFrameworksBuildPhase section */

/* Begin PBXGroup section */
		18FF0F501F43E52100068939 = {
			isa = PBXGroup;
			children = (
				18FF0F5B1F43E52100068939 /* OSDrawerControllerSample */,
				18FF0F5A1F43E52100068939 /* Products */,
			);
			sourceTree = "<group>";
		};
		18FF0F5A1F43E52100068939 /* Products */ = {
			isa = PBXGroup;
			children = (
				18FF0F591F43E52100068939 /* OSDrawerControllerSample.app */,
			);
			name = Products;
			sourceTree = "<group>";
		};
		18FF0F5B1F43E52100068939 /* OSDrawerControllerSample */ = {
			isa = PBXGroup;
			children = (
				18FF0F6E1F43E57000068939 /* OSDrawerController */,
				18FF0F6F1F43E57000068939 /* Sample */,
			);
			path = OSDrawerControllerSample;
			sourceTree = "<group>";
		};
		18FF0F6E1F43E57000068939 /* OSDrawerController */ = {
			isa = PBXGroup;
			children = (
				18FF0F761F44A16400068939 /* OSDrawerController.swift */,
			);
			path = OSDrawerController;
			sourceTree = "<group>";
		};
		18FF0F6F1F43E57000068939 /* Sample */ = {
			isa = PBXGroup;
			children = (
				18FF0F631F43E52100068939 /* Assets.xcassets */,
				18FF0F651F43E52100068939 /* LaunchScreen.storyboard */,
				18FF0F681F43E52100068939 /* Info.plist */,
				18FF0F701F43E57000068939 /* AppDelegate.swift */,
				18FF0F741F44A00100068939 /* HomeViewController.swift */,
			);
			path = Sample;
			sourceTree = "<group>";
		};
/* End PBXGroup section */

/* Begin PBXNativeTarget section */
		18FF0F581F43E52100068939 /* OSDrawerControllerSample */ = {
			isa = PBXNativeTarget;
			buildConfigurationList = 18FF0F6B1F43E52100068939 /* Build configuration list for PBXNativeTarget "OSDrawerControllerSample" */;
			buildPhases = (
				18FF0F551F43E52100068939 /* Sources */,
				18FF0F561F43E52100068939 /* Frameworks */,
				18FF0F571F43E52100068939 /* Resources */,
			);
			buildRules = (
			);
			dependencies = (
			);
			name = OSDrawerControllerSample;
			productName = OSDrawerControllerSample;
			productReference = 18FF0F591F43E52100068939 /* OSDrawerControllerSample.app */;
			productType = "com.apple.product-type.application";
		};
/* End PBXNativeTarget section */

/* Begin PBXProject section */
		18FF0F511F43E52100068939 /* Project object */ = {
			isa = PBXProject;
			attributes = {
				LastSwiftUpdateCheck = 0830;
				LastUpgradeCheck = 0830;
				ORGANIZATIONNAME = Ossey;
				TargetAttributes = {
					18FF0F581F43E52100068939 = {
						CreatedOnToolsVersion = 8.3.3;
						DevelopmentTeam = NKW67GFDHM;
						ProvisioningStyle = Automatic;
					};
				};
			};
			buildConfigurationList = 18FF0F541F43E52100068939 /* Build configuration list for PBXProject "OSDrawerControllerSample" */;
			compatibilityVersion = "Xcode 3.2";
			developmentRegion = English;
			hasScannedForEncodings = 0;
			knownRegions = (
				en,
				Base,
			);
			mainGroup = 18FF0F501F43E52100068939;
			productRefGroup = 18FF0F5A1F43E52100068939 /* Products */;
			projectDirPath = "";
			projectRoot = "";
			targets = (
				18FF0F581F43E52100068939 /* OSDrawerControllerSample */,
			);
		};
/* End PBXProject section */

/* Begin PBXResourcesBuildPhase section */
		18FF0F571F43E52100068939 /* Resources */ = {
			isa = PBXResourcesBuildPhase;
			buildActionMask = 2147483647;
			files = (
				18FF0F671F43E52100068939 /* LaunchScreen.storyboard in Resources */,
				18FF0F641F43E52100068939 /* Assets.xcassets in Resources */,
			);
			runOnlyForDeploymentPostprocessing = 0;
		};
/* End PBXResourcesBuildPhase section */

/* Begin PBXSourcesBuildPhase section */
		18FF0F551F43E52100068939 /* Sources */ = {
			isa = PBXSourcesBuildPhase;
			buildActionMask = 2147483647;
			files = (
				18FF0F771F44A16400068939 /* OSDrawerController.swift in Sources */,
				18FF0F721F43E57000068939 /* AppDelegate.swift in Sources */,
				18FF0F751F44A00100068939 /* HomeViewController.swift in Sources */,
			);
			runOnlyForDeploymentPostprocessing = 0;
		};
/* End PBXSourcesBuildPhase section */

/* Begin PBXVariantGroup section */
		18FF0F651F43E52100068939 /* LaunchScreen.storyboard */ = {
			isa = PBXVariantGroup;
			children = (
				18FF0F661F43E52100068939 /* Base */,
			);
			name = LaunchScreen.storyboard;
			path = ..;
			sourceTree = "<group>";
		};
/* End PBXVariantGroup section */

/* Begin XCBuildConfiguration section */
		18FF0F691F43E52100068939 /* Debug */ = {
			isa = XCBuildConfiguration;
			buildSettings = {
				ALWAYS_SEARCH_USER_PATHS = NO;
				CLANG_ANALYZER_NONNULL = YES;
				CLANG_ANALYZER_NUMBER_OBJECT_CONVERSION = YES_AGGRESSIVE;
				CLANG_CXX_LANGUAGE_STANDARD = "gnu++0x";
				CLANG_CXX_LIBRARY = "libc++";
				CLANG_ENABLE_MODULES = YES;
				CLANG_ENABLE_OBJC_ARC = YES;
				CLANG_WARN_BOOL_CONVERSION = YES;
				CLANG_WARN_CONSTANT_CONVERSION = YES;
				CLANG_WARN_DIRECT_OBJC_ISA_USAGE = YES_ERROR;
				CLANG_WARN_DOCUMENTATION_COMMENTS = YES;
				CLANG_WARN_EMPTY_BODY = YES;
				CLANG_WARN_ENUM_CONVERSION = YES;
				CLANG_WARN_INFINITE_RECURSION = YES;
				CLANG_WARN_INT_CONVERSION = YES;
				CLANG_WARN_OBJC_ROOT_CLASS = YES_ERROR;
				CLANG_WARN_SUSPICIOUS_MOVE = YES;
				CLANG_WARN_UNREACHABLE_CODE = YES;
				CLANG_WARN__DUPLICATE_METHOD_MATCH = YES;
				"CODE_SIGN_IDENTITY[sdk=iphoneos*]" = "iPhone Developer";
				COPY_PHASE_STRIP = NO;
				DEBUG_INFORMATION_FORMAT = dwarf;
				ENABLE_STRICT_OBJC_MSGSEND = YES;
				ENABLE_TESTABILITY = YES;
				GCC_C_LANGUAGE_STANDARD = gnu99;
				GCC_DYNAMIC_NO_PIC = NO;
				GCC_NO_COMMON_BLOCKS = YES;
				GCC_OPTIMIZATION_LEVEL = 0;
				GCC_PREPROCESSOR_DEFINITIONS = (
					"DEBUG=1",
					"$(inherited)",
				);
				GCC_WARN_64_TO_32_BIT_CONVERSION = YES;
				GCC_WARN_ABOUT_RETURN_TYPE = YES_ERROR;
				GCC_WARN_UNDECLARED_SELECTOR = YES;
				GCC_WARN_UNINITIALIZED_AUTOS = YES_AGGRESSIVE;
				GCC_WARN_UNUSED_FUNCTION = YES;
				GCC_WARN_UNUSED_VARIABLE = YES;
				IPHONEOS_DEPLOYMENT_TARGET = 10.3;
				MTL_ENABLE_DEBUG_INFO = YES;
				ONLY_ACTIVE_ARCH = YES;
				SDKROOT = iphoneos;
				SWIFT_ACTIVE_COMPILATION_CONDITIONS = DEBUG;
				SWIFT_OPTIMIZATION_LEVEL = "-Onone";
			};
			name = Debug;
		};
		18FF0F6A1F43E52100068939 /* Release */ = {
			isa = XCBuildConfiguration;
			buildSettings = {
				ALWAYS_SEARCH_USER_PATHS = NO;
				CLANG_ANALYZER_NONNULL = YES;
				CLANG_ANALYZER_NUMBER_OBJECT_CONVERSION = YES_AGGRESSIVE;
				CLANG_CXX_LANGUAGE_STANDARD = "gnu++0x";
				CLANG_CXX_LIBRARY = "libc++";
				CLANG_ENABLE_MODULES = YES;
				CLANG_ENABLE_OBJC_ARC = YES;
				CLANG_WARN_BOOL_CONVERSION = YES;
				CLANG_WARN_CONSTANT_CONVERSION = YES;
				CLANG_WARN_DIRECT_OBJC_ISA_USAGE = YES_ERROR;
				CLANG_WARN_DOCUMENTATION_COMMENTS = YES;
				CLANG_WARN_EMPTY_BODY = YES;
				CLANG_WARN_ENUM_CONVERSION = YES;
				CLANG_WARN_INFINITE_RECURSION = YES;
				CLANG_WARN_INT_CONVERSION = YES;
				CLANG_WARN_OBJC_ROOT_CLASS = YES_ERROR;
				CLANG_WARN_SUSPICIOUS_MOVE = YES;
				CLANG_WARN_UNREACHABLE_CODE = YES;
				CLANG_WARN__DUPLICATE_METHOD_MATCH = YES;
				"CODE_SIGN_IDENTITY[sdk=iphoneos*]" = "iPhone Developer";
				COPY_PHASE_STRIP = NO;
				DEBUG_INFORMATION_FORMAT = "dwarf-with-dsym";
				ENABLE_NS_ASSERTIONS = NO;
				ENABLE_STRICT_OBJC_MSGSEND = YES;
				GCC_C_LANGUAGE_STANDARD = gnu99;
				GCC_NO_COMMON_BLOCKS = YES;
				GCC_WARN_64_TO_32_BIT_CONVERSION = YES;
				GCC_WARN_ABOUT_RETURN_TYPE = YES_ERROR;
				GCC_WARN_UNDECLARED_SELECTOR = YES;
				GCC_WARN_UNINITIALIZED_AUTOS = YES_AGGRESSIVE;
				GCC_WARN_UNUSED_FUNCTION = YES;
				GCC_WARN_UNUSED_VARIABLE = YES;
				IPHONEOS_DEPLOYMENT_TARGET = 10.3;
				MTL_ENABLE_DEBUG_INFO = NO;
				SDKROOT = iphoneos;
				SWIFT_OPTIMIZATION_LEVEL = "-Owholemodule";
				VALIDATE_PRODUCT = YES;
			};
			name = Release;
		};
		18FF0F6C1F43E52100068939 /* Debug */ = {
			isa = XCBuildConfiguration;
			buildSettings = {
				ASSETCATALOG_COMPILER_APPICON_NAME = AppIcon;
				DEVELOPMENT_TEAM = NKW67GFDHM;
				INFOPLIST_FILE = OSDrawerControllerSample/Info.plist;
				IPHONEOS_DEPLOYMENT_TARGET = 8.0;
				LD_RUNPATH_SEARCH_PATHS = "$(inherited) @executable_path/Frameworks";
				PRODUCT_BUNDLE_IDENTIFIER = com.ossey.OSDrawerControllerSample;
				PRODUCT_NAME = "$(TARGET_NAME)";
				SWIFT_VERSION = 3.0;
				TARGETED_DEVICE_FAMILY = "1,2";
			};
			name = Debug;
		};
		18FF0F6D1F43E52100068939 /* Release */ = {
			isa = XCBuildConfiguration;
			buildSettings = {
				ASSETCATALOG_COMPILER_APPICON_NAME = AppIcon;
				DEVELOPMENT_TEAM = NKW67GFDHM;
				INFOPLIST_FILE = OSDrawerControllerSample/Info.plist;
				IPHONEOS_DEPLOYMENT_TARGET = 8.0;
				LD_RUNPATH_SEARCH_PATHS = "$(inherited) @executable_path/Frameworks";
				PRODUCT_BUNDLE_IDENTIFIER = com.ossey.OSDrawerControllerSample;
				PRODUCT_NAME = "$(TARGET_NAME)";
				SWIFT_VERSION = 3.0;
				TARGETED_DEVICE_FAMILY = "1,2";
			};
			name = Release;
		};
/* End XCBuildConfiguration section */

/* Begin XCConfigurationList section */
		18FF0F541F43E52100068939 /* Build configuration list for PBXProject "OSDrawerControllerSample" */ = {
			isa = XCConfigurationList;
			buildConfigurations = (
				18FF0F691F43E52100068939 /* Debug */,
				18FF0F6A1F43E52100068939 /* Release */,
			);
			defaultConfigurationIsVisible = 0;
			defaultConfigurationName = Release;
		};
		18FF0F6B1F43E52100068939 /* Build configuration list for PBXNativeTarget "OSDrawerControllerSample" */ = {
			isa = XCConfigurationList;
			buildConfigurations = (
				18FF0F6C1F43E52100068939 /* Debug */,
				18FF0F6D1F43E52100068939 /* Release */,
			);
			defaultConfigurationIsVisible = 0;
		};
/* End XCConfigurationList section */
	};
	rootObject = 18FF0F511F43E52100068939 /* Project object */;
}
